
Microsoft Visual Studio Solution File, Format Version 12.00
# Visual Studio Version 17
VisualStudioVersion = 17.9.34902.65
MinimumVisualStudioVersion = 10.0.40219.1
Project("{9A19103F-16F7-4668-BE54-9A1E7A4F7556}") = "LfgssBikeTagWebScrape", "LfgssBikeTagWebScrape\LfgssBikeTagWebScrape.csproj", "{0B77E512-D2D9-44A4-A127-293912126666}"
EndProject
Project("{2150E333-8FDC-42A3-9474-1A3956D46DE8}") = "Solution Items", "Solution Items", "{B4713EDF-364B-45D1-9DAF-16A57B8FACC5}"
	ProjectSection(SolutionItems) = preProject
		.editorconfig = .editorconfig
	EndProjectSection
EndProject
Global
	GlobalSection(SolutionConfigurationPlatforms) = preSolution
		Debug|Any CPU = Debug|Any CPU
		Release|Any CPU = Release|Any CPU
	EndGlobalSection
	GlobalSection(ProjectConfigurationPlatforms) = postSolution
		{0B77E512-D2D9-44A4-A127-293912126666}.Debug|Any CPU.ActiveCfg = Debug|Any CPU
		{0B77E512-D2D9-44A4-A127-293912126666}.Debug|Any CPU.Build.0 = Debug|Any CPU
		{0B77E512-D2D9-44A4-A127-293912126666}.Release|Any CPU.ActiveCfg = Release|Any CPU
		{0B77E512-D2D9-44A4-A127-293912126666}.Release|Any CPU.Build.0 = Release|Any CPU
	EndGlobalSection
	GlobalSection(SolutionProperties) = preSolution
		HideSolutionNode = FALSE
	EndGlobalSection
	GlobalSection(ExtensibilityGlobals) = postSolution
		SolutionGuid = {21BC3EA2-408A-4BA1-8B0C-BF7957A05853}
	EndGlobalSection
EndGlobal
